
Microsoft Visual Studio Solution File, Format Version 12.00
# Visual Studio Version 17
VisualStudioVersion = 17.1.32319.34
MinimumVisualStudioVersion = 10.0.40219.1
Project("{FAE04EC0-301F-11D3-BF4B-00C04F79EFBC}") = "Assignment11", "Assignment11.csproj", "{9E3E4649-9B19-4E01-9EA9-7FC3BFE64BE3}"
EndProject
Project("{FAE04EC0-301F-11D3-BF4B-00C04F79EFBC}") = "ClassLibraryQuestion", "..\ClassLibraryQuestion\ClassLibraryQuestion.csproj", "{EF360880-9738-493D-B9DE-D0C5E2B563FA}"
EndProject
Global
	GlobalSection(SolutionConfigurationPlatforms) = preSolution
		Debug|Any CPU = Debug|Any CPU
		Release|Any CPU = Release|Any CPU
	EndGlobalSection
	GlobalSection(ProjectConfigurationPlatforms) = postSolution
		{9E3E4649-9B19-4E01-9EA9-7FC3BFE64BE3}.Debug|Any CPU.ActiveCfg = Debug|Any CPU
		{9E3E4649-9B19-4E01-9EA9-7FC3BFE64BE3}.Debug|Any CPU.Build.0 = Debug|Any CPU
		{9E3E4649-9B19-4E01-9EA9-7FC3BFE64BE3}.Release|Any CPU.ActiveCfg = Release|Any CPU
		{9E3E4649-9B19-4E01-9EA9-7FC3BFE64BE3}.Release|Any CPU.Build.0 = Release|Any CPU
		{EF360880-9738-493D-B9DE-D0C5E2B563FA}.Debug|Any CPU.ActiveCfg = Debug|Any CPU
		{EF360880-9738-493D-B9DE-D0C5E2B563FA}.Debug|Any CPU.Build.0 = Debug|Any CPU
		{EF360880-9738-493D-B9DE-D0C5E2B563FA}.Release|Any CPU.ActiveCfg = Release|Any CPU
		{EF360880-9738-493D-B9DE-D0C5E2B563FA}.Release|Any CPU.Build.0 = Release|Any CPU
	EndGlobalSection
	GlobalSection(SolutionProperties) = preSolution
		HideSolutionNode = FALSE
	EndGlobalSection
	GlobalSection(ExtensibilityGlobals) = postSolution
		SolutionGuid = {318BA39E-192A-4488-B751-0C4592D0EDF4}
	EndGlobalSection
EndGlobal
